
Microsoft Visual Studio Solution File, Format Version 12.00
# Visual Studio 2013
VisualStudioVersion = 12.0.40629.0
MinimumVisualStudioVersion = 10.0.40219.1
Project("{FAE04EC0-301F-11D3-BF4B-00C04F79EFBC}") = "FirstWPFApp", "FirstWPFApp\FirstWPFApp.csproj", "{993D2395-395A-454E-866D-8044FDBDF87F}"
EndProject
Project("{FAE04EC0-301F-11D3-BF4B-00C04F79EFBC}") = "Lecture4(FileHandling)", "Lecture4(FileHandling)\Lecture4(FileHandling).csproj", "{BDC7B49C-77F1-4ACE-B9BC-0800D741D35D}"
EndProject
Project("{2150E333-8FDC-42A3-9474-1A3956D46DE8}") = "Lecture7", "Lecture7", "{CE71725A-E6C6-4060-B045-3412F5F340BB}"
EndProject
Project("{FAE04EC0-301F-11D3-BF4B-00C04F79EFBC}") = "Main", "Lecture7(ADO.NET)\Main\Main.csproj", "{EE9FE845-46CA-437C-9A70-7D6F74C040D6}"
EndProject
Project("{FAE04EC0-301F-11D3-BF4B-00C04F79EFBC}") = "ViewModels", "Lecture7(ADO.NET)\ViewModels\ViewModels.csproj", "{FD7393F5-116E-475C-BE6A-50E5A491B664}"
EndProject
Project("{FAE04EC0-301F-11D3-BF4B-00C04F79EFBC}") = "Data", "Lecture7(ADO.NET)\Data\Data.csproj", "{C183E4B5-1CD2-46DF-9747-AC25205663E2}"
EndProject
Project("{FAE04EC0-301F-11D3-BF4B-00C04F79EFBC}") = "Lecture8", "Lecture8\Lecture8.csproj", "{5509A069-7812-4B3C-B254-064F5B4BCE48}"
EndProject
Global
	GlobalSection(SolutionConfigurationPlatforms) = preSolution
		Debug|Any CPU = Debug|Any CPU
		Debug|ARM = Debug|ARM
		Debug|x64 = Debug|x64
		Debug|x86 = Debug|x86
		Release|Any CPU = Release|Any CPU
		Release|ARM = Release|ARM
		Release|x64 = Release|x64
		Release|x86 = Release|x86
	EndGlobalSection
	GlobalSection(ProjectConfigurationPlatforms) = postSolution
		{993D2395-395A-454E-866D-8044FDBDF87F}.Debug|Any CPU.ActiveCfg = Debug|Any CPU
		{993D2395-395A-454E-866D-8044FDBDF87F}.Debug|Any CPU.Build.0 = Debug|Any CPU
		{993D2395-395A-454E-866D-8044FDBDF87F}.Debug|ARM.ActiveCfg = Debug|Any CPU
		{993D2395-395A-454E-866D-8044FDBDF87F}.Debug|x64.ActiveCfg = Debug|Any CPU
		{993D2395-395A-454E-866D-8044FDBDF87F}.Debug|x86.ActiveCfg = Debug|Any CPU
		{993D2395-395A-454E-866D-8044FDBDF87F}.Release|Any CPU.ActiveCfg = Release|Any CPU
		{993D2395-395A-454E-866D-8044FDBDF87F}.Release|Any CPU.Build.0 = Release|Any CPU
		{993D2395-395A-454E-866D-8044FDBDF87F}.Release|ARM.ActiveCfg = Release|Any CPU
		{993D2395-395A-454E-866D-8044FDBDF87F}.Release|x64.ActiveCfg = Release|Any CPU
		{993D2395-395A-454E-866D-8044FDBDF87F}.Release|x86.ActiveCfg = Release|Any CPU
		{BDC7B49C-77F1-4ACE-B9BC-0800D741D35D}.Debug|Any CPU.ActiveCfg = Debug|Any CPU
		{BDC7B49C-77F1-4ACE-B9BC-0800D741D35D}.Debug|Any CPU.Build.0 = Debug|Any CPU
		{BDC7B49C-77F1-4ACE-B9BC-0800D741D35D}.Debug|ARM.ActiveCfg = Debug|Any CPU
		{BDC7B49C-77F1-4ACE-B9BC-0800D741D35D}.Debug|x64.ActiveCfg = Debug|Any CPU
		{BDC7B49C-77F1-4ACE-B9BC-0800D741D35D}.Debug|x86.ActiveCfg = Debug|Any CPU
		{BDC7B49C-77F1-4ACE-B9BC-0800D741D35D}.Release|Any CPU.ActiveCfg = Release|Any CPU
		{BDC7B49C-77F1-4ACE-B9BC-0800D741D35D}.Release|Any CPU.Build.0 = Release|Any CPU
		{BDC7B49C-77F1-4ACE-B9BC-0800D741D35D}.Release|ARM.ActiveCfg = Release|Any CPU
		{BDC7B49C-77F1-4ACE-B9BC-0800D741D35D}.Release|x64.ActiveCfg = Release|Any CPU
		{BDC7B49C-77F1-4ACE-B9BC-0800D741D35D}.Release|x86.ActiveCfg = Release|Any CPU
		{EE9FE845-46CA-437C-9A70-7D6F74C040D6}.Debug|Any CPU.ActiveCfg = Debug|Any CPU
		{EE9FE845-46CA-437C-9A70-7D6F74C040D6}.Debug|Any CPU.Build.0 = Debug|Any CPU
		{EE9FE845-46CA-437C-9A70-7D6F74C040D6}.Debug|ARM.ActiveCfg = Debug|Any CPU
		{EE9FE845-46CA-437C-9A70-7D6F74C040D6}.Debug|x64.ActiveCfg = Debug|Any CPU
		{EE9FE845-46CA-437C-9A70-7D6F74C040D6}.Debug|x86.ActiveCfg = Debug|Any CPU
		{EE9FE845-46CA-437C-9A70-7D6F74C040D6}.Release|Any CPU.ActiveCfg = Release|Any CPU
		{EE9FE845-46CA-437C-9A70-7D6F74C040D6}.Release|Any CPU.Build.0 = Release|Any CPU
		{EE9FE845-46CA-437C-9A70-7D6F74C040D6}.Release|ARM.ActiveCfg = Release|Any CPU
		{EE9FE845-46CA-437C-9A70-7D6F74C040D6}.Release|x64.ActiveCfg = Release|Any CPU
		{EE9FE845-46CA-437C-9A70-7D6F74C040D6}.Release|x86.ActiveCfg = Release|Any CPU
		{FD7393F5-116E-475C-BE6A-50E5A491B664}.Debug|Any CPU.ActiveCfg = Debug|Any CPU
		{FD7393F5-116E-475C-BE6A-50E5A491B664}.Debug|Any CPU.Build.0 = Debug|Any CPU
		{FD7393F5-116E-475C-BE6A-50E5A491B664}.Debug|ARM.ActiveCfg = Debug|Any CPU
		{FD7393F5-116E-475C-BE6A-50E5A491B664}.Debug|x64.ActiveCfg = Debug|Any CPU
		{FD7393F5-116E-475C-BE6A-50E5A491B664}.Debug|x86.ActiveCfg = Debug|Any CPU
		{FD7393F5-116E-475C-BE6A-50E5A491B664}.Release|Any CPU.ActiveCfg = Release|Any CPU
		{FD7393F5-116E-475C-BE6A-50E5A491B664}.Release|Any CPU.Build.0 = Release|Any CPU
		{FD7393F5-116E-475C-BE6A-50E5A491B664}.Release|ARM.ActiveCfg = Release|Any CPU
		{FD7393F5-116E-475C-BE6A-50E5A491B664}.Release|x64.ActiveCfg = Release|Any CPU
		{FD7393F5-116E-475C-BE6A-50E5A491B664}.Release|x86.ActiveCfg = Release|Any CPU
		{C183E4B5-1CD2-46DF-9747-AC25205663E2}.Debug|Any CPU.ActiveCfg = Debug|Any CPU
		{C183E4B5-1CD2-46DF-9747-AC25205663E2}.Debug|Any CPU.Build.0 = Debug|Any CPU
		{C183E4B5-1CD2-46DF-9747-AC25205663E2}.Debug|ARM.ActiveCfg = Debug|Any CPU
		{C183E4B5-1CD2-46DF-9747-AC25205663E2}.Debug|x64.ActiveCfg = Debug|Any CPU
		{C183E4B5-1CD2-46DF-9747-AC25205663E2}.Debug|x86.ActiveCfg = Debug|Any CPU
		{C183E4B5-1CD2-46DF-9747-AC25205663E2}.Release|Any CPU.ActiveCfg = Release|Any CPU
		{C183E4B5-1CD2-46DF-9747-AC25205663E2}.Release|Any CPU.Build.0 = Release|Any CPU
		{C183E4B5-1CD2-46DF-9747-AC25205663E2}.Release|ARM.ActiveCfg = Release|Any CPU
		{C183E4B5-1CD2-46DF-9747-AC25205663E2}.Release|x64.ActiveCfg = Release|Any CPU
		{C183E4B5-1CD2-46DF-9747-AC25205663E2}.Release|x86.ActiveCfg = Release|Any CPU
		{5509A069-7812-4B3C-B254-064F5B4BCE48}.Debug|Any CPU.ActiveCfg = Debug|Any CPU
		{5509A069-7812-4B3C-B254-064F5B4BCE48}.Debug|Any CPU.Build.0 = Debug|Any CPU
		{5509A069-7812-4B3C-B254-064F5B4BCE48}.Debug|ARM.ActiveCfg = Debug|Any CPU
		{5509A069-7812-4B3C-B254-064F5B4BCE48}.Debug|x64.ActiveCfg = Debug|Any CPU
		{5509A069-7812-4B3C-B254-064F5B4BCE48}.Debug|x86.ActiveCfg = Debug|Any CPU
		{5509A069-7812-4B3C-B254-064F5B4BCE48}.Release|Any CPU.ActiveCfg = Release|Any CPU
		{5509A069-7812-4B3C-B254-064F5B4BCE48}.Release|Any CPU.Build.0 = Release|Any CPU
		{5509A069-7812-4B3C-B254-064F5B4BCE48}.Release|ARM.ActiveCfg = Release|Any CPU
		{5509A069-7812-4B3C-B254-064F5B4BCE48}.Release|x64.ActiveCfg = Release|Any CPU
		{5509A069-7812-4B3C-B254-064F5B4BCE48}.Release|x86.ActiveCfg = Release|Any CPU
	EndGlobalSection
	GlobalSection(SolutionProperties) = preSolution
		HideSolutionNode = FALSE
	EndGlobalSection
	GlobalSection(NestedProjects) = preSolution
		{EE9FE845-46CA-437C-9A70-7D6F74C040D6} = {CE71725A-E6C6-4060-B045-3412F5F340BB}
		{FD7393F5-116E-475C-BE6A-50E5A491B664} = {CE71725A-E6C6-4060-B045-3412F5F340BB}
		{C183E4B5-1CD2-46DF-9747-AC25205663E2} = {CE71725A-E6C6-4060-B045-3412F5F340BB}
	EndGlobalSection
EndGlobal
