
Microsoft Visual Studio Solution File, Format Version 12.00
# Visual Studio 2013
VisualStudioVersion = 12.0.40629.0
MinimumVisualStudioVersion = 10.0.40219.1
Project("{FAE04EC0-301F-11D3-BF4B-00C04F79EFBC}") = "DependencyInjectionExample", "DependencyInjectionExample\DependencyInjectionExample.csproj", "{0717C596-68E8-4AE9-A540-6D7A3AA5DDBE}"
EndProject
Project("{FAE04EC0-301F-11D3-BF4B-00C04F79EFBC}") = "BusinessLogic", "BusinessLogic\BusinessLogic.csproj", "{4ECCCB11-6AB0-4549-9F81-C70DE69C396F}"
EndProject
Project("{FAE04EC0-301F-11D3-BF4B-00C04F79EFBC}") = "Models", "Models\Models.csproj", "{383B4089-2474-4673-997A-1A2F31AE5101}"
EndProject
Global
	GlobalSection(SolutionConfigurationPlatforms) = preSolution
		Debug|Any CPU = Debug|Any CPU
		Release|Any CPU = Release|Any CPU
	EndGlobalSection
	GlobalSection(ProjectConfigurationPlatforms) = postSolution
		{0717C596-68E8-4AE9-A540-6D7A3AA5DDBE}.Debug|Any CPU.ActiveCfg = Debug|Any CPU
		{0717C596-68E8-4AE9-A540-6D7A3AA5DDBE}.Debug|Any CPU.Build.0 = Debug|Any CPU
		{0717C596-68E8-4AE9-A540-6D7A3AA5DDBE}.Release|Any CPU.ActiveCfg = Release|Any CPU
		{0717C596-68E8-4AE9-A540-6D7A3AA5DDBE}.Release|Any CPU.Build.0 = Release|Any CPU
		{4ECCCB11-6AB0-4549-9F81-C70DE69C396F}.Debug|Any CPU.ActiveCfg = Debug|Any CPU
		{4ECCCB11-6AB0-4549-9F81-C70DE69C396F}.Debug|Any CPU.Build.0 = Debug|Any CPU
		{4ECCCB11-6AB0-4549-9F81-C70DE69C396F}.Release|Any CPU.ActiveCfg = Release|Any CPU
		{4ECCCB11-6AB0-4549-9F81-C70DE69C396F}.Release|Any CPU.Build.0 = Release|Any CPU
		{383B4089-2474-4673-997A-1A2F31AE5101}.Debug|Any CPU.ActiveCfg = Debug|Any CPU
		{383B4089-2474-4673-997A-1A2F31AE5101}.Debug|Any CPU.Build.0 = Debug|Any CPU
		{383B4089-2474-4673-997A-1A2F31AE5101}.Release|Any CPU.ActiveCfg = Release|Any CPU
		{383B4089-2474-4673-997A-1A2F31AE5101}.Release|Any CPU.Build.0 = Release|Any CPU
	EndGlobalSection
	GlobalSection(SolutionProperties) = preSolution
		HideSolutionNode = FALSE
	EndGlobalSection
EndGlobal
